
Microsoft Visual Studio Solution File, Format Version 12.00
# Visual Studio 2012
Project("{FAE04EC0-301F-11D3-BF4B-00C04F79EFBC}") = "Notext", "Notext\Notext.csproj", "{A1E68944-C11B-4D5D-97D8-C9FA1C4772EB}"
EndProject
Project("{FAE04EC0-301F-11D3-BF4B-00C04F79EFBC}") = "UnitTestProject", "UnitTestProject\UnitTestProject.csproj", "{0A82F11A-B953-4650-9E2E-8DFA305690B3}"
EndProject
Global
	GlobalSection(SolutionConfigurationPlatforms) = preSolution
		Debug|Any CPU = Debug|Any CPU
		Release|Any CPU = Release|Any CPU
	EndGlobalSection
	GlobalSection(ProjectConfigurationPlatforms) = postSolution
		{A1E68944-C11B-4D5D-97D8-C9FA1C4772EB}.Debug|Any CPU.ActiveCfg = Debug|Any CPU
		{A1E68944-C11B-4D5D-97D8-C9FA1C4772EB}.Debug|Any CPU.Build.0 = Debug|Any CPU
		{A1E68944-C11B-4D5D-97D8-C9FA1C4772EB}.Release|Any CPU.ActiveCfg = Release|Any CPU
		{A1E68944-C11B-4D5D-97D8-C9FA1C4772EB}.Release|Any CPU.Build.0 = Release|Any CPU
		{0A82F11A-B953-4650-9E2E-8DFA305690B3}.Debug|Any CPU.ActiveCfg = Debug|Any CPU
		{0A82F11A-B953-4650-9E2E-8DFA305690B3}.Debug|Any CPU.Build.0 = Debug|Any CPU
		{0A82F11A-B953-4650-9E2E-8DFA305690B3}.Release|Any CPU.ActiveCfg = Release|Any CPU
		{0A82F11A-B953-4650-9E2E-8DFA305690B3}.Release|Any CPU.Build.0 = Release|Any CPU
	EndGlobalSection
	GlobalSection(SolutionProperties) = preSolution
		HideSolutionNode = FALSE
	EndGlobalSection
EndGlobal
